
Microsoft Visual Studio Solution File, Format Version 12.00
# Visual Studio Version 16
VisualStudioVersion = 16.0.30523.141
MinimumVisualStudioVersion = 10.0.40219.1
Project("{FAE04EC0-301F-11D3-BF4B-00C04F79EFBC}") = "DynamicProgramming 1", "DynamicProgramming\DynamicProgramming 1.csproj", "{287557AC-FED2-4391-8805-3CAE32138059}"
EndProject
Project("{FAE04EC0-301F-11D3-BF4B-00C04F79EFBC}") = "DynamicProgramming 2", "DynamicProgramming 2\DynamicProgramming 2.csproj", "{14E2F9C2-D3A4-46D7-8307-CFD274BE5F94}"
EndProject
Project("{FAE04EC0-301F-11D3-BF4B-00C04F79EFBC}") = "DynamicProgramming 3", "DynamicProgramming 3\DynamicProgramming 3.csproj", "{FE82BF28-80A7-401D-8D92-0CDDFA750201}"
EndProject
Global
	GlobalSection(SolutionConfigurationPlatforms) = preSolution
		Debug|Any CPU = Debug|Any CPU
		Release|Any CPU = Release|Any CPU
	EndGlobalSection
	GlobalSection(ProjectConfigurationPlatforms) = postSolution
		{287557AC-FED2-4391-8805-3CAE32138059}.Debug|Any CPU.ActiveCfg = Debug|Any CPU
		{287557AC-FED2-4391-8805-3CAE32138059}.Debug|Any CPU.Build.0 = Debug|Any CPU
		{287557AC-FED2-4391-8805-3CAE32138059}.Release|Any CPU.ActiveCfg = Release|Any CPU
		{287557AC-FED2-4391-8805-3CAE32138059}.Release|Any CPU.Build.0 = Release|Any CPU
		{14E2F9C2-D3A4-46D7-8307-CFD274BE5F94}.Debug|Any CPU.ActiveCfg = Debug|Any CPU
		{14E2F9C2-D3A4-46D7-8307-CFD274BE5F94}.Debug|Any CPU.Build.0 = Debug|Any CPU
		{14E2F9C2-D3A4-46D7-8307-CFD274BE5F94}.Release|Any CPU.ActiveCfg = Release|Any CPU
		{14E2F9C2-D3A4-46D7-8307-CFD274BE5F94}.Release|Any CPU.Build.0 = Release|Any CPU
		{FE82BF28-80A7-401D-8D92-0CDDFA750201}.Debug|Any CPU.ActiveCfg = Debug|Any CPU
		{FE82BF28-80A7-401D-8D92-0CDDFA750201}.Debug|Any CPU.Build.0 = Debug|Any CPU
		{FE82BF28-80A7-401D-8D92-0CDDFA750201}.Release|Any CPU.ActiveCfg = Release|Any CPU
		{FE82BF28-80A7-401D-8D92-0CDDFA750201}.Release|Any CPU.Build.0 = Release|Any CPU
	EndGlobalSection
	GlobalSection(SolutionProperties) = preSolution
		HideSolutionNode = FALSE
	EndGlobalSection
	GlobalSection(ExtensibilityGlobals) = postSolution
		SolutionGuid = {A64EC820-5BB7-41FF-B0FE-062F99B43752}
	EndGlobalSection
EndGlobal
