
Microsoft Visual Studio Solution File, Format Version 12.00
# Visual Studio Version 16
VisualStudioVersion = 16.0.30523.141
MinimumVisualStudioVersion = 10.0.40219.1
Project("{FAE04EC0-301F-11D3-BF4B-00C04F79EFBC}") = "DynamicStructure1", "DynamicStructure\DynamicStructure1.csproj", "{AB8ED8BF-93AF-4012-8D47-2F668D6F6435}"
EndProject
Project("{FAE04EC0-301F-11D3-BF4B-00C04F79EFBC}") = "DynamicStructure2", "DynamicStructure2\DynamicStructure2.csproj", "{6328B53B-9F51-4682-BB89-524F9B32951E}"
EndProject
Project("{FAE04EC0-301F-11D3-BF4B-00C04F79EFBC}") = "DynamicStructure3", "DynamicStructure3\DynamicStructure3.csproj", "{1088BB02-502E-4909-ABC0-7937214CB85F}"
EndProject
Global
	GlobalSection(SolutionConfigurationPlatforms) = preSolution
		Debug|Any CPU = Debug|Any CPU
		Release|Any CPU = Release|Any CPU
	EndGlobalSection
	GlobalSection(ProjectConfigurationPlatforms) = postSolution
		{AB8ED8BF-93AF-4012-8D47-2F668D6F6435}.Debug|Any CPU.ActiveCfg = Debug|Any CPU
		{AB8ED8BF-93AF-4012-8D47-2F668D6F6435}.Debug|Any CPU.Build.0 = Debug|Any CPU
		{AB8ED8BF-93AF-4012-8D47-2F668D6F6435}.Release|Any CPU.ActiveCfg = Release|Any CPU
		{AB8ED8BF-93AF-4012-8D47-2F668D6F6435}.Release|Any CPU.Build.0 = Release|Any CPU
		{6328B53B-9F51-4682-BB89-524F9B32951E}.Debug|Any CPU.ActiveCfg = Debug|Any CPU
		{6328B53B-9F51-4682-BB89-524F9B32951E}.Debug|Any CPU.Build.0 = Debug|Any CPU
		{6328B53B-9F51-4682-BB89-524F9B32951E}.Release|Any CPU.ActiveCfg = Release|Any CPU
		{6328B53B-9F51-4682-BB89-524F9B32951E}.Release|Any CPU.Build.0 = Release|Any CPU
		{1088BB02-502E-4909-ABC0-7937214CB85F}.Debug|Any CPU.ActiveCfg = Debug|Any CPU
		{1088BB02-502E-4909-ABC0-7937214CB85F}.Debug|Any CPU.Build.0 = Debug|Any CPU
		{1088BB02-502E-4909-ABC0-7937214CB85F}.Release|Any CPU.ActiveCfg = Release|Any CPU
		{1088BB02-502E-4909-ABC0-7937214CB85F}.Release|Any CPU.Build.0 = Release|Any CPU
	EndGlobalSection
	GlobalSection(SolutionProperties) = preSolution
		HideSolutionNode = FALSE
	EndGlobalSection
	GlobalSection(ExtensibilityGlobals) = postSolution
		SolutionGuid = {A64EC820-5BB7-41FF-B0FE-062F99B43752}
	EndGlobalSection
EndGlobal
